<?xml version="1.0" encoding="UTF-8" standalone="yes" ?>
<CodeBlocks_project_file>
	<FileVersion major="1" minor="6" />
	<Project>
		<Option title="Graph ADT (Undirected)" />
		<Option pch_mode="2" />
		<Option compiler="tdm-gcc-32-mingw" />
		<MakeCommands>
			<Build command="" />
			<CompileFile command="" />
			<Clean command="" />
			<DistClean command="" />
			<AskRebuildNeeded command="" />
			<SilentBuild command=" &gt; $(CMD_NULL)" />
		</MakeCommands>
		<Build>
			<Target title="Release">
				<Option output="lib/x86/graph" prefix_auto="1" extension_auto="1" />
				<Option working_dir="" />
				<Option object_output="obj/Release/x86/" />
				<Option type="2" />
				<Option compiler="tdm-gcc-32-mingw" />
				<Linker>
					<Add option="-s" />
					<Add directory="$(#libdictionary.LIB)/x86" />
					<Add directory="$(#liblinkedlist.LIB)/x86" />
					<Add directory="$(#libstq.LIB)/x86" />
				</Linker>
			</Target>
			<Target title="Release64">
				<Option output="lib/x64/graph" prefix_auto="1" extension_auto="1" />
				<Option working_dir="" />
				<Option object_output="obj/Release/x64/" />
				<Option type="2" />
				<Option compiler="tdm-gcc-64-mingw-w64" />
				<Compiler>
					<Add option="-m64" />
				</Compiler>
				<Linker>
					<Add option="-m64" />
					<Add option="-s" />
					<Add directory="$(#libdictionary.LIB)/x64" />
					<Add directory="$(#liblinkedlist.LIB)/x64" />
					<Add directory="$(#libstq.LIB)/x64" />
				</Linker>
			</Target>
			<Target title="Test Run">
				<Option output="bin/Graph_ADT_UN" prefix_auto="1" extension_auto="1" />
				<Option object_output="obj/Test_Run/" />
				<Option type="1" />
				<Option compiler="tdm-gcc-32-mingw" />
				<Compiler>
					<Add option="-g" />
				</Compiler>
				<Linker>
					<Add directory="$(#libdictionary.LIB)/x86" />
					<Add directory="$(#liblinkedlist.LIB)/x86" />
					<Add directory="$(#libstq.LIB)/x86" />
				</Linker>
			</Target>
		</Build>
		<Compiler>
			<Add option="-std=c99" />
			<Add option="-ansi" />
			<Add directory="$(#libdictionary.INCLUDE)" />
			<Add directory="$(#liblinkedlist.INCLUDE)" />
			<Add directory="$(#libstq.INCLUDE)" />
		</Compiler>
		<Linker>
			<Add library="dictionary" />
			<Add library="stq" />
			<Add library="linkedlist" />
		</Linker>
		<Unit filename="src/graph.h" />
		<Unit filename="src/graph_accessors.c">
			<Option compilerVar="CC" />
		</Unit>
		<Unit filename="src/graph_init.c">
			<Option compilerVar="CC" />
		</Unit>
		<Unit filename="src/graph_mutation.c">
			<Option compilerVar="CC" />
		</Unit>
		<Unit filename="src/main.c">
			<Option compilerVar="CC" />
			<Option target="Test Run" />
		</Unit>
		<Extensions />
	</Project>
</CodeBlocks_project_file>
